
Microsoft Visual Studio Solution File, Format Version 12.00
# Visual Studio Version 16
VisualStudioVersion = 25.0.1705.2
MinimumVisualStudioVersion = 10.0.40219.1
Project("{FAE04EC0-301F-11D3-BF4B-00C04F79EFBC}") = "NotificationScheduler", "NotificationScheduler\NotificationScheduler.csproj", "{4EA5D089-CB4B-466A-88DF-2D9081D10EA8}"
EndProject
Project("{FAE04EC0-301F-11D3-BF4B-00C04F79EFBC}") = "Infrastructure", "Infrastructure\Infrastructure.csproj", "{30C671E2-76D8-43EE-A810-E93293EDABA5}"
EndProject
Project("{FAE04EC0-301F-11D3-BF4B-00C04F79EFBC}") = "Core", "Core\Core.csproj", "{23FDF1FC-D001-4F76-9E6E-740D61E94344}"
EndProject
Project("{FAE04EC0-301F-11D3-BF4B-00C04F79EFBC}") = "Application", "Application\Application.csproj", "{848816AD-821C-466A-8FB6-D0F68E094842}"
EndProject
Project("{FAE04EC0-301F-11D3-BF4B-00C04F79EFBC}") = "Tests", "Tests\Tests.csproj", "{E2133459-AE02-42BD-9989-D5EDC294036F}"
EndProject
Global
	GlobalSection(SolutionConfigurationPlatforms) = preSolution
		Debug|Any CPU = Debug|Any CPU
		Release|Any CPU = Release|Any CPU
	EndGlobalSection
	GlobalSection(ProjectConfigurationPlatforms) = postSolution
		{4EA5D089-CB4B-466A-88DF-2D9081D10EA8}.Debug|Any CPU.ActiveCfg = Debug|Any CPU
		{4EA5D089-CB4B-466A-88DF-2D9081D10EA8}.Debug|Any CPU.Build.0 = Debug|Any CPU
		{4EA5D089-CB4B-466A-88DF-2D9081D10EA8}.Release|Any CPU.ActiveCfg = Release|Any CPU
		{4EA5D089-CB4B-466A-88DF-2D9081D10EA8}.Release|Any CPU.Build.0 = Release|Any CPU
		{30C671E2-76D8-43EE-A810-E93293EDABA5}.Debug|Any CPU.ActiveCfg = Debug|Any CPU
		{30C671E2-76D8-43EE-A810-E93293EDABA5}.Debug|Any CPU.Build.0 = Debug|Any CPU
		{30C671E2-76D8-43EE-A810-E93293EDABA5}.Release|Any CPU.ActiveCfg = Release|Any CPU
		{30C671E2-76D8-43EE-A810-E93293EDABA5}.Release|Any CPU.Build.0 = Release|Any CPU
		{23FDF1FC-D001-4F76-9E6E-740D61E94344}.Debug|Any CPU.ActiveCfg = Debug|Any CPU
		{23FDF1FC-D001-4F76-9E6E-740D61E94344}.Debug|Any CPU.Build.0 = Debug|Any CPU
		{23FDF1FC-D001-4F76-9E6E-740D61E94344}.Release|Any CPU.ActiveCfg = Release|Any CPU
		{23FDF1FC-D001-4F76-9E6E-740D61E94344}.Release|Any CPU.Build.0 = Release|Any CPU
		{848816AD-821C-466A-8FB6-D0F68E094842}.Debug|Any CPU.ActiveCfg = Debug|Any CPU
		{848816AD-821C-466A-8FB6-D0F68E094842}.Debug|Any CPU.Build.0 = Debug|Any CPU
		{848816AD-821C-466A-8FB6-D0F68E094842}.Release|Any CPU.ActiveCfg = Release|Any CPU
		{848816AD-821C-466A-8FB6-D0F68E094842}.Release|Any CPU.Build.0 = Release|Any CPU
		{E2133459-AE02-42BD-9989-D5EDC294036F}.Debug|Any CPU.ActiveCfg = Debug|Any CPU
		{E2133459-AE02-42BD-9989-D5EDC294036F}.Debug|Any CPU.Build.0 = Debug|Any CPU
		{E2133459-AE02-42BD-9989-D5EDC294036F}.Release|Any CPU.ActiveCfg = Release|Any CPU
		{E2133459-AE02-42BD-9989-D5EDC294036F}.Release|Any CPU.Build.0 = Release|Any CPU
	EndGlobalSection
	GlobalSection(SolutionProperties) = preSolution
		HideSolutionNode = FALSE
	EndGlobalSection
	GlobalSection(ExtensibilityGlobals) = postSolution
		SolutionGuid = {F1FC4936-FE3C-4385-8A6D-61B6C5F9BC05}
	EndGlobalSection
EndGlobal
